// !$*UTF8*$!
{
	archiveVersion = 1;
	classes = {
	};
	objectVersion = 50;
	objects = {

/* Begin PBXBuildFile section */
		D407C4CA22BD026C007420FE /* AppDelegate.swift in Sources */ = {isa = PBXBuildFile; fileRef = D407C4C922BD026C007420FE /* AppDelegate.swift */; };
		D407C4CC22BD026C007420FE /* ViewController.swift in Sources */ = {isa = PBXBuildFile; fileRef = D407C4CB22BD026C007420FE /* ViewController.swift */; };
		D407C4CF22BD026C007420FE /* Main.storyboard in Resources */ = {isa = PBXBuildFile; fileRef = D407C4CD22BD026C007420FE /* Main.storyboard */; };
		D407C4D122BD026D007420FE /* Assets.xcassets in Resources */ = {isa = PBXBuildFile; fileRef = D407C4D022BD026D007420FE /* Assets.xcassets */; };
		D407C4D422BD026D007420FE /* LaunchScreen.storyboard in Resources */ = {isa = PBXBuildFile; fileRef = D407C4D222BD026D007420FE /* LaunchScreen.storyboard */; };
		D407C4DF22BD026D007420FE /* AutoLayoutExampleTests.swift in Sources */ = {isa = PBXBuildFile; fileRef = D407C4DE22BD026D007420FE /* AutoLayoutExampleTests.swift */; };
		D407C4EA22BD026D007420FE /* AutoLayoutExampleUITests.swift in Sources */ = {isa = PBXBuildFile; fileRef = D407C4E922BD026D007420FE /* AutoLayoutExampleUITests.swift */; };
/* End PBXBuildFile section */

/* Begin PBXContainerItemProxy section */
		D407C4DB22BD026D007420FE /* PBXContainerItemProxy */ = {
			isa = PBXContainerItemProxy;
			containerPortal = D407C4BE22BD026C007420FE /* Project object */;
			proxyType = 1;
			remoteGlobalIDString = D407C4C522BD026C007420FE;
			remoteInfo = AutoLayoutExample;
		};
		D407C4E622BD026D007420FE /* PBXContainerItemProxy */ = {
			isa = PBXContainerItemProxy;
			containerPortal = D407C4BE22BD026C007420FE /* Project object */;
			proxyType = 1;
			remoteGlobalIDString = D407C4C522BD026C007420FE;
			remoteInfo = AutoLayoutExample;
		};
/* End PBXContainerItemProxy section */

/* Begin PBXFileReference section */
		D407C4C622BD026C007420FE /* AutoLayoutExample.app */ = {isa = PBXFileReference; explicitFileType = wrapper.application; includeInIndex = 0; path = AutoLayoutExample.app; sourceTree = BUILT_PRODUCTS_DIR; };
		D407C4C922BD026C007420FE /* AppDelegate.swift */ = {isa = PBXFileReference; lastKnownFileType = sourcecode.swift; path = AppDelegate.swift; sourceTree = "<group>"; };
		D407C4CB22BD026C007420FE /* ViewController.swift */ = {isa = PBXFileReference; lastKnownFileType = sourcecode.swift; path = ViewController.swift; sourceTree = "<group>"; };
		D407C4CE22BD026C007420FE /* Base */ = {isa = PBXFileReference; lastKnownFileType = file.storyboard; name = Base; path = Base.lproj/Main.storyboard; sourceTree = "<group>"; };
		D407C4D022BD026D007420FE /* Assets.xcassets */ = {isa = PBXFileReference; lastKnownFileType = folder.assetcatalog; path = Assets.xcassets; sourceTree = "<group>"; };
		D407C4D322BD026D007420FE /* Base */ = {isa = PBXFileReference; lastKnownFileType = file.storyboard; name = Base; path = Base.lproj/LaunchScreen.storyboard; sourceTree = "<group>"; };
		D407C4D522BD026D007420FE /* Info.plist */ = {isa = PBXFileReference; lastKnownFileType = text.plist.xml; path = Info.plist; sourceTree = "<group>"; };
		D407C4DA22BD026D007420FE /* AutoLayoutExampleTests.xctest */ = {isa = PBXFileReference; explicitFileType = wrapper.cfbundle; includeInIndex = 0; path = AutoLayoutExampleTests.xctest; sourceTree = BUILT_PRODUCTS_DIR; };
		D407C4DE22BD026D007420FE /* AutoLayoutExampleTests.swift */ = {isa = PBXFileReference; lastKnownFileType = sourcecode.swift; path = AutoLayoutExampleTests.swift; sourceTree = "<group>"; };
		D407C4E022BD026D007420FE /* Info.plist */ = {isa = PBXFileReference; lastKnownFileType = text.plist.xml; path = Info.plist; sourceTree = "<group>"; };
		D407C4E522BD026D007420FE /* AutoLayoutExampleUITests.xctest */ = {isa = PBXFileReference; explicitFileType = wrapper.cfbundle; includeInIndex = 0; path = AutoLayoutExampleUITests.xctest; sourceTree = BUILT_PRODUCTS_DIR; };
		D407C4E922BD026D007420FE /* AutoLayoutExampleUITests.swift */ = {isa = PBXFileReference; lastKnownFileType = sourcecode.swift; path = AutoLayoutExampleUITests.swift; sourceTree = "<group>"; };
		D407C4EB22BD026D007420FE /* Info.plist */ = {isa = PBXFileReference; lastKnownFileType = text.plist.xml; path = Info.plist; sourceTree = "<group>"; };
/* End PBXFileReference section */

/* Begin PBXFrameworksBuildPhase section */
		D407C4C322BD026C007420FE /* Frameworks */ = {
			isa = PBXFrameworksBuildPhase;
			buildActionMask = 2147483647;
			files = (
			);
			runOnlyForDeploymentPostprocessing = 0;
		};
		D407C4D722BD026D007420FE /* Frameworks */ = {
			isa = PBXFrameworksBuildPhase;
			buildActionMask = 2147483647;
			files = (
			);
			runOnlyForDeploymentPostprocessing = 0;
		};
		D407C4E222BD026D007420FE /* Frameworks */ = {
			isa = PBXFrameworksBuildPhase;
			buildActionMask = 2147483647;
			files = (
			);
			runOnlyForDeploymentPostprocessing = 0;
		};
/* End PBXFrameworksBuildPhase section */

/* Begin PBXGroup section */
		D407C4BD22BD026C007420FE = {
			isa = PBXGroup;
			children = (
				D407C4C822BD026C007420FE /* AutoLayoutExample */,
				D407C4DD22BD026D007420FE /* AutoLayoutExampleTests */,
				D407C4E822BD026D007420FE /* AutoLayoutExampleUITests */,
				D407C4C722BD026C007420FE /* Products */,
			);
			sourceTree = "<group>";
		};
		D407C4C722BD026C007420FE /* Products */ = {
			isa = PBXGroup;
			children = (
				D407C4C622BD026C007420FE /* AutoLayoutExample.app */,
				D407C4DA22BD026D007420FE /* AutoLayoutExampleTests.xctest */,
				D407C4E522BD026D007420FE /* AutoLayoutExampleUITests.xctest */,
			);
			name = Products;
			sourceTree = "<group>";
		};
		D407C4C822BD026C007420FE /* AutoLayoutExample */ = {
			isa = PBXGroup;
			children = (
				D407C4C922BD026C007420FE /* AppDelegate.swift */,
				D407C4CB22BD026C007420FE /* ViewController.swift */,
				D407C4CD22BD026C007420FE /* Main.storyboard */,
				D407C4D022BD026D007420FE /* Assets.xcassets */,
				D407C4D222BD026D007420FE /* LaunchScreen.storyboard */,
				D407C4D522BD026D007420FE /* Info.plist */,
			);
			path = AutoLayoutExample;
			sourceTree = "<group>";
		};
		D407C4DD22BD026D007420FE /* AutoLayoutExampleTests */ = {
			isa = PBXGroup;
			children = (
				D407C4DE22BD026D007420FE /* AutoLayoutExampleTests.swift */,
				D407C4E022BD026D007420FE /* Info.plist */,
			);
			path = AutoLayoutExampleTests;
			sourceTree = "<group>";
		};
		D407C4E822BD026D007420FE /* AutoLayoutExampleUITests */ = {
			isa = PBXGroup;
			children = (
				D407C4E922BD026D007420FE /* AutoLayoutExampleUITests.swift */,
				D407C4EB22BD026D007420FE /* Info.plist */,
			);
			path = AutoLayoutExampleUITests;
			sourceTree = "<group>";
		};
/* End PBXGroup section */

/* Begin PBXNativeTarget section */
		D407C4C522BD026C007420FE /* AutoLayoutExample */ = {
			isa = PBXNativeTarget;
			buildConfigurationList = D407C4EE22BD026D007420FE /* Build configuration list for PBXNativeTarget "AutoLayoutExample" */;
			buildPhases = (
				D407C4C222BD026C007420FE /* Sources */,
				D407C4C322BD026C007420FE /* Frameworks */,
				D407C4C422BD026C007420FE /* Resources */,
			);
			buildRules = (
			);
			dependencies = (
			);
			name = AutoLayoutExample;
			productName = AutoLayoutExample;
			productReference = D407C4C622BD026C007420FE /* AutoLayoutExample.app */;
			productType = "com.apple.product-type.application";
		};
		D407C4D922BD026D007420FE /* AutoLayoutExampleTests */ = {
			isa = PBXNativeTarget;
			buildConfigurationList = D407C4F122BD026D007420FE /* Build configuration list for PBXNativeTarget "AutoLayoutExampleTests" */;
			buildPhases = (
				D407C4D622BD026D007420FE /* Sources */,
				D407C4D722BD026D007420FE /* Frameworks */,
				D407C4D822BD026D007420FE /* Resources */,
			);
			buildRules = (
			);
			dependencies = (
				D407C4DC22BD026D007420FE /* PBXTargetDependency */,
			);
			name = AutoLayoutExampleTests;
			productName = AutoLayoutExampleTests;
			productReference = D407C4DA22BD026D007420FE /* AutoLayoutExampleTests.xctest */;
			productType = "com.apple.product-type.bundle.unit-test";
		};
		D407C4E422BD026D007420FE /* AutoLayoutExampleUITests */ = {
			isa = PBXNativeTarget;
			buildConfigurationList = D407C4F422BD026D007420FE /* Build configuration list for PBXNativeTarget "AutoLayoutExampleUITests" */;
			buildPhases = (
				D407C4E122BD026D007420FE /* Sources */,
				D407C4E222BD026D007420FE /* Frameworks */,
				D407C4E322BD026D007420FE /* Resources */,
			);
			buildRules = (
			);
			dependencies = (
				D407C4E722BD026D007420FE /* PBXTargetDependency */,
			);
			name = AutoLayoutExampleUITests;
			productName = AutoLayoutExampleUITests;
			productReference = D407C4E522BD026D007420FE /* AutoLayoutExampleUITests.xctest */;
			productType = "com.apple.product-type.bundle.ui-testing";
		};
/* End PBXNativeTarget section */

/* Begin PBXProject section */
		D407C4BE22BD026C007420FE /* Project object */ = {
			isa = PBXProject;
			attributes = {
				LastSwiftUpdateCheck = 1020;
				LastUpgradeCheck = 1020;
				ORGANIZATIONNAME = "정재훈";
				TargetAttributes = {
					D407C4C522BD026C007420FE = {
						CreatedOnToolsVersion = 10.2.1;
					};
					D407C4D922BD026D007420FE = {
						CreatedOnToolsVersion = 10.2.1;
						TestTargetID = D407C4C522BD026C007420FE;
					};
					D407C4E422BD026D007420FE = {
						CreatedOnToolsVersion = 10.2.1;
						TestTargetID = D407C4C522BD026C007420FE;
					};
				};
			};
			buildConfigurationList = D407C4C122BD026C007420FE /* Build configuration list for PBXProject "AutoLayoutExample" */;
			compatibilityVersion = "Xcode 9.3";
			developmentRegion = en;
			hasScannedForEncodings = 0;
			knownRegions = (
				en,
				Base,
			);
			mainGroup = D407C4BD22BD026C007420FE;
			productRefGroup = D407C4C722BD026C007420FE /* Products */;
			projectDirPath = "";
			projectRoot = "";
			targets = (
				D407C4C522BD026C007420FE /* AutoLayoutExample */,
				D407C4D922BD026D007420FE /* AutoLayoutExampleTests */,
				D407C4E422BD026D007420FE /* AutoLayoutExampleUITests */,
			);
		};
/* End PBXProject section */

/* Begin PBXResourcesBuildPhase section */
		D407C4C422BD026C007420FE /* Resources */ = {
			isa = PBXResourcesBuildPhase;
			buildActionMask = 2147483647;
			files = (
				D407C4D422BD026D007420FE /* LaunchScreen.storyboard in Resources */,
				D407C4D122BD026D007420FE /* Assets.xcassets in Resources */,
				D407C4CF22BD026C007420FE /* Main.storyboard in Resources */,
			);
			runOnlyForDeploymentPostprocessing = 0;
		};
		D407C4D822BD026D007420FE /* Resources */ = {
			isa = PBXResourcesBuildPhase;
			buildActionMask = 2147483647;
			files = (
			);
			runOnlyForDeploymentPostprocessing = 0;
		};
		D407C4E322BD026D007420FE /* Resources */ = {
			isa = PBXResourcesBuildPhase;
			buildActionMask = 2147483647;
			files = (
			);
			runOnlyForDeploymentPostprocessing = 0;
		};
/* End PBXResourcesBuildPhase section */

/* Begin PBXSourcesBuildPhase section */
		D407C4C222BD026C007420FE /* Sources */ = {
			isa = PBXSourcesBuildPhase;
			buildActionMask = 2147483647;
			files = (
				D407C4CC22BD026C007420FE /* ViewController.swift in Sources */,
				D407C4CA22BD026C007420FE /* AppDelegate.swift in Sources */,
			);
			runOnlyForDeploymentPostprocessing = 0;
		};
		D407C4D622BD026D007420FE /* Sources */ = {
			isa = PBXSourcesBuildPhase;
			buildActionMask = 2147483647;
			files = (
				D407C4DF22BD026D007420FE /* AutoLayoutExampleTests.swift in Sources */,
			);
			runOnlyForDeploymentPostprocessing = 0;
		};
		D407C4E122BD026D007420FE /* Sources */ = {
			isa = PBXSourcesBuildPhase;
			buildActionMask = 2147483647;
			files = (
				D407C4EA22BD026D007420FE /* AutoLayoutExampleUITests.swift in Sources */,
			);
			runOnlyForDeploymentPostprocessing = 0;
		};
/* End PBXSourcesBuildPhase section */

/* Begin PBXTargetDependency section */
		D407C4DC22BD026D007420FE /* PBXTargetDependency */ = {
			isa = PBXTargetDependency;
			target = D407C4C522BD026C007420FE /* AutoLayoutExample */;
			targetProxy = D407C4DB22BD026D007420FE /* PBXContainerItemProxy */;
		};
		D407C4E722BD026D007420FE /* PBXTargetDependency */ = {
			isa = PBXTargetDependency;
			target = D407C4C522BD026C007420FE /* AutoLayoutExample */;
			targetProxy = D407C4E622BD026D007420FE /* PBXContainerItemProxy */;
		};
/* End PBXTargetDependency section */

/* Begin PBXVariantGroup section */
		D407C4CD22BD026C007420FE /* Main.storyboard */ = {
			isa = PBXVariantGroup;
			children = (
				D407C4CE22BD026C007420FE /* Base */,
			);
			name = Main.storyboard;
			sourceTree = "<group>";
		};
		D407C4D222BD026D007420FE /* LaunchScreen.storyboard */ = {
			isa = PBXVariantGroup;
			children = (
				D407C4D322BD026D007420FE /* Base */,
			);
			name = LaunchScreen.storyboard;
			sourceTree = "<group>";
		};
/* End PBXVariantGroup section */

/* Begin XCBuildConfiguration section */
		D407C4EC22BD026D007420FE /* Debug */ = {
			isa = XCBuildConfiguration;
			buildSettings = {
				ALWAYS_SEARCH_USER_PATHS = NO;
				CLANG_ANALYZER_NONNULL = YES;
				CLANG_ANALYZER_NUMBER_OBJECT_CONVERSION = YES_AGGRESSIVE;
				CLANG_CXX_LANGUAGE_STANDARD = "gnu++14";
				CLANG_CXX_LIBRARY = "libc++";
				CLANG_ENABLE_MODULES = YES;
				CLANG_ENABLE_OBJC_ARC = YES;
				CLANG_ENABLE_OBJC_WEAK = YES;
				CLANG_WARN_BLOCK_CAPTURE_AUTORELEASING = YES;
				CLANG_WARN_BOOL_CONVERSION = YES;
				CLANG_WARN_COMMA = YES;
				CLANG_WARN_CONSTANT_CONVERSION = YES;
				CLANG_WARN_DEPRECATED_OBJC_IMPLEMENTATIONS = YES;
				CLANG_WARN_DIRECT_OBJC_ISA_USAGE = YES_ERROR;
				CLANG_WARN_DOCUMENTATION_COMMENTS = YES;
				CLANG_WARN_EMPTY_BODY = YES;
				CLANG_WARN_ENUM_CONVERSION = YES;
				CLANG_WARN_INFINITE_RECURSION = YES;
				CLANG_WARN_INT_CONVERSION = YES;
				CLANG_WARN_NON_LITERAL_NULL_CONVERSION = YES;
				CLANG_WARN_OBJC_IMPLICIT_RETAIN_SELF = YES;
				CLANG_WARN_OBJC_LITERAL_CONVERSION = YES;
				CLANG_WARN_OBJC_ROOT_CLASS = YES_ERROR;
				CLANG_WARN_RANGE_LOOP_ANALYSIS = YES;
				CLANG_WARN_STRICT_PROTOTYPES = YES;
				CLANG_WARN_SUSPICIOUS_MOVE = YES;
				CLANG_WARN_UNGUARDED_AVAILABILITY = YES_AGGRESSIVE;
				CLANG_WARN_UNREACHABLE_CODE = YES;
				CLANG_WARN__DUPLICATE_METHOD_MATCH = YES;
				CODE_SIGN_IDENTITY = "iPhone Developer";
				COPY_PHASE_STRIP = NO;
				DEBUG_INFORMATION_FORMAT = dwarf;
				ENABLE_STRICT_OBJC_MSGSEND = YES;
				ENABLE_TESTABILITY = YES;
				GCC_C_LANGUAGE_STANDARD = gnu11;
				GCC_DYNAMIC_NO_PIC = NO;
				GCC_NO_COMMON_BLOCKS = YES;
				GCC_OPTIMIZATION_LEVEL = 0;
				GCC_PREPROCESSOR_DEFINITIONS = (
					"DEBUG=1",
					"$(inherited)",
				);
				GCC_WARN_64_TO_32_BIT_CONVERSION = YES;
				GCC_WARN_ABOUT_RETURN_TYPE = YES_ERROR;
				GCC_WARN_UNDECLARED_SELECTOR = YES;
				GCC_WARN_UNINITIALIZED_AUTOS = YES_AGGRESSIVE;
				GCC_WARN_UNUSED_FUNCTION = YES;
				GCC_WARN_UNUSED_VARIABLE = YES;
				IPHONEOS_DEPLOYMENT_TARGET = 12.2;
				MTL_ENABLE_DEBUG_INFO = INCLUDE_SOURCE;
				MTL_FAST_MATH = YES;
				ONLY_ACTIVE_ARCH = YES;
				SDKROOT = iphoneos;
				SWIFT_ACTIVE_COMPILATION_CONDITIONS = DEBUG;
				SWIFT_OPTIMIZATION_LEVEL = "-Onone";
			};
			name = Debug;
		};
		D407C4ED22BD026D007420FE /* Release */ = {
			isa = XCBuildConfiguration;
			buildSettings = {
				ALWAYS_SEARCH_USER_PATHS = NO;
				CLANG_ANALYZER_NONNULL = YES;
				CLANG_ANALYZER_NUMBER_OBJECT_CONVERSION = YES_AGGRESSIVE;
				CLANG_CXX_LANGUAGE_STANDARD = "gnu++14";
				CLANG_CXX_LIBRARY = "libc++";
				CLANG_ENABLE_MODULES = YES;
				CLANG_ENABLE_OBJC_ARC = YES;
				CLANG_ENABLE_OBJC_WEAK = YES;
				CLANG_WARN_BLOCK_CAPTURE_AUTORELEASING = YES;
				CLANG_WARN_BOOL_CONVERSION = YES;
				CLANG_WARN_COMMA = YES;
				CLANG_WARN_CONSTANT_CONVERSION = YES;
				CLANG_WARN_DEPRECATED_OBJC_IMPLEMENTATIONS = YES;
				CLANG_WARN_DIRECT_OBJC_ISA_USAGE = YES_ERROR;
				CLANG_WARN_DOCUMENTATION_COMMENTS = YES;
				CLANG_WARN_EMPTY_BODY = YES;
				CLANG_WARN_ENUM_CONVERSION = YES;
				CLANG_WARN_INFINITE_RECURSION = YES;
				CLANG_WARN_INT_CONVERSION = YES;
				CLANG_WARN_NON_LITERAL_NULL_CONVERSION = YES;
				CLANG_WARN_OBJC_IMPLICIT_RETAIN_SELF = YES;
				CLANG_WARN_OBJC_LITERAL_CONVERSION = YES;
				CLANG_WARN_OBJC_ROOT_CLASS = YES_ERROR;
				CLANG_WARN_RANGE_LOOP_ANALYSIS = YES;
				CLANG_WARN_STRICT_PROTOTYPES = YES;
				CLANG_WARN_SUSPICIOUS_MOVE = YES;
				CLANG_WARN_UNGUARDED_AVAILABILITY = YES_AGGRESSIVE;
				CLANG_WARN_UNREACHABLE_CODE = YES;
				CLANG_WARN__DUPLICATE_METHOD_MATCH = YES;
				CODE_SIGN_IDENTITY = "iPhone Developer";
				COPY_PHASE_STRIP = NO;
				DEBUG_INFORMATION_FORMAT = "dwarf-with-dsym";
				ENABLE_NS_ASSERTIONS = NO;
				ENABLE_STRICT_OBJC_MSGSEND = YES;
				GCC_C_LANGUAGE_STANDARD = gnu11;
				GCC_NO_COMMON_BLOCKS = YES;
				GCC_WARN_64_TO_32_BIT_CONVERSION = YES;
				GCC_WARN_ABOUT_RETURN_TYPE = YES_ERROR;
				GCC_WARN_UNDECLARED_SELECTOR = YES;
				GCC_WARN_UNINITIALIZED_AUTOS = YES_AGGRESSIVE;
				GCC_WARN_UNUSED_FUNCTION = YES;
				GCC_WARN_UNUSED_VARIABLE = YES;
				IPHONEOS_DEPLOYMENT_TARGET = 12.2;
				MTL_ENABLE_DEBUG_INFO = NO;
				MTL_FAST_MATH = YES;
				SDKROOT = iphoneos;
				SWIFT_COMPILATION_MODE = wholemodule;
				SWIFT_OPTIMIZATION_LEVEL = "-O";
				VALIDATE_PRODUCT = YES;
			};
			name = Release;
		};
		D407C4EF22BD026D007420FE /* Debug */ = {
			isa = XCBuildConfiguration;
			buildSettings = {
				ASSETCATALOG_COMPILER_APPICON_NAME = AppIcon;
				CODE_SIGN_STYLE = Automatic;
				INFOPLIST_FILE = AutoLayoutExample/Info.plist;
				LD_RUNPATH_SEARCH_PATHS = (
					"$(inherited)",
					"@executable_path/Frameworks",
				);
				PRODUCT_BUNDLE_IDENTIFIER = com.example.AutoLayoutExample;
				PRODUCT_NAME = "$(TARGET_NAME)";
				SWIFT_VERSION = 5.0;
				TARGETED_DEVICE_FAMILY = "1,2";
			};
			name = Debug;
		};
		D407C4F022BD026D007420FE /* Release */ = {
			isa = XCBuildConfiguration;
			buildSettings = {
				ASSETCATALOG_COMPILER_APPICON_NAME = AppIcon;
				CODE_SIGN_STYLE = Automatic;
				INFOPLIST_FILE = AutoLayoutExample/Info.plist;
				LD_RUNPATH_SEARCH_PATHS = (
					"$(inherited)",
					"@executable_path/Frameworks",
				);
				PRODUCT_BUNDLE_IDENTIFIER = com.example.AutoLayoutExample;
				PRODUCT_NAME = "$(TARGET_NAME)";
				SWIFT_VERSION = 5.0;
				TARGETED_DEVICE_FAMILY = "1,2";
			};
			name = Release;
		};
		D407C4F222BD026D007420FE /* Debug */ = {
			isa = XCBuildConfiguration;
			buildSettings = {
				ALWAYS_EMBED_SWIFT_STANDARD_LIBRARIES = YES;
				BUNDLE_LOADER = "$(TEST_HOST)";
				CODE_SIGN_STYLE = Automatic;
				INFOPLIST_FILE = AutoLayoutExampleTests/Info.plist;
				LD_RUNPATH_SEARCH_PATHS = (
					"$(inherited)",
					"@executable_path/Frameworks",
					"@loader_path/Frameworks",
				);
				PRODUCT_BUNDLE_IDENTIFIER = com.example.AutoLayoutExampleTests;
				PRODUCT_NAME = "$(TARGET_NAME)";
				SWIFT_VERSION = 5.0;
				TARGETED_DEVICE_FAMILY = "1,2";
				TEST_HOST = "$(BUILT_PRODUCTS_DIR)/AutoLayoutExample.app/AutoLayoutExample";
			};
			name = Debug;
		};
		D407C4F322BD026D007420FE /* Release */ = {
			isa = XCBuildConfiguration;
			buildSettings = {
				ALWAYS_EMBED_SWIFT_STANDARD_LIBRARIES = YES;
				BUNDLE_LOADER = "$(TEST_HOST)";
				CODE_SIGN_STYLE = Automatic;
				INFOPLIST_FILE = AutoLayoutExampleTests/Info.plist;
				LD_RUNPATH_SEARCH_PATHS = (
					"$(inherited)",
					"@executable_path/Frameworks",
					"@loader_path/Frameworks",
				);
				PRODUCT_BUNDLE_IDENTIFIER = com.example.AutoLayoutExampleTests;
				PRODUCT_NAME = "$(TARGET_NAME)";
				SWIFT_VERSION = 5.0;
				TARGETED_DEVICE_FAMILY = "1,2";
				TEST_HOST = "$(BUILT_PRODUCTS_DIR)/AutoLayoutExample.app/AutoLayoutExample";
			};
			name = Release;
		};
		D407C4F522BD026D007420FE /* Debug */ = {
			isa = XCBuildConfiguration;
			buildSettings = {
				ALWAYS_EMBED_SWIFT_STANDARD_LIBRARIES = YES;
				CODE_SIGN_STYLE = Automatic;
				INFOPLIST_FILE = AutoLayoutExampleUITests/Info.plist;
				LD_RUNPATH_SEARCH_PATHS = (
					"$(inherited)",
					"@executable_path/Frameworks",
					"@loader_path/Frameworks",
				);
				PRODUCT_BUNDLE_IDENTIFIER = com.example.AutoLayoutExampleUITests;
				PRODUCT_NAME = "$(TARGET_NAME)";
				SWIFT_VERSION = 5.0;
				TARGETED_DEVICE_FAMILY = "1,2";
				TEST_TARGET_NAME = AutoLayoutExample;
			};
			name = Debug;
		};
		D407C4F622BD026D007420FE /* Release */ = {
			isa = XCBuildConfiguration;
			buildSettings = {
				ALWAYS_EMBED_SWIFT_STANDARD_LIBRARIES = YES;
				CODE_SIGN_STYLE = Automatic;
				INFOPLIST_FILE = AutoLayoutExampleUITests/Info.plist;
				LD_RUNPATH_SEARCH_PATHS = (
					"$(inherited)",
					"@executable_path/Frameworks",
					"@loader_path/Frameworks",
				);
				PRODUCT_BUNDLE_IDENTIFIER = com.example.AutoLayoutExampleUITests;
				PRODUCT_NAME = "$(TARGET_NAME)";
				SWIFT_VERSION = 5.0;
				TARGETED_DEVICE_FAMILY = "1,2";
				TEST_TARGET_NAME = AutoLayoutExample;
			};
			name = Release;
		};
/* End XCBuildConfiguration section */

/* Begin XCConfigurationList section */
		D407C4C122BD026C007420FE /* Build configuration list for PBXProject "AutoLayoutExample" */ = {
			isa = XCConfigurationList;
			buildConfigurations = (
				D407C4EC22BD026D007420FE /* Debug */,
				D407C4ED22BD026D007420FE /* Release */,
			);
			defaultConfigurationIsVisible = 0;
			defaultConfigurationName = Release;
		};
		D407C4EE22BD026D007420FE /* Build configuration list for PBXNativeTarget "AutoLayoutExample" */ = {
			isa = XCConfigurationList;
			buildConfigurations = (
				D407C4EF22BD026D007420FE /* Debug */,
				D407C4F022BD026D007420FE /* Release */,
			);
			defaultConfigurationIsVisible = 0;
			defaultConfigurationName = Release;
		};
		D407C4F122BD026D007420FE /* Build configuration list for PBXNativeTarget "AutoLayoutExampleTests" */ = {
			isa = XCConfigurationList;
			buildConfigurations = (
				D407C4F222BD026D007420FE /* Debug */,
				D407C4F322BD026D007420FE /* Release */,
			);
			defaultConfigurationIsVisible = 0;
			defaultConfigurationName = Release;
		};
		D407C4F422BD026D007420FE /* Build configuration list for PBXNativeTarget "AutoLayoutExampleUITests" */ = {
			isa = XCConfigurationList;
			buildConfigurations = (
				D407C4F522BD026D007420FE /* Debug */,
				D407C4F622BD026D007420FE /* Release */,
			);
			defaultConfigurationIsVisible = 0;
			defaultConfigurationName = Release;
		};
/* End XCConfigurationList section */
	};
	rootObject = D407C4BE22BD026C007420FE /* Project object */;
}
